
Microsoft Visual Studio Solution File, Format Version 12.00
# Visual Studio Version 17
VisualStudioVersion = 17.10.34928.147
MinimumVisualStudioVersion = 10.0.40219.1
Project("{2150E333-8FDC-42A3-9474-1A3956D46DE8}") = "1. Enterprise Business Rules", "1. Enterprise Business Rules", "{302396A2-24E8-4AA5-B276-509E480DBAE1}"
EndProject
Project("{2150E333-8FDC-42A3-9474-1A3956D46DE8}") = "2. Application Business Rules", "2. Application Business Rules", "{ADFE2AF0-88A1-4663-9162-060412AD299E}"
EndProject
Project("{2150E333-8FDC-42A3-9474-1A3956D46DE8}") = "3. Interface Adapters", "3. Interface Adapters", "{4DF66A30-B97D-471A-93C2-D8038DA1598E}"
EndProject
Project("{2150E333-8FDC-42A3-9474-1A3956D46DE8}") = "4. Frameworks and Drivers", "4. Frameworks and Drivers", "{F343EEAD-D6C8-45BD-87C4-99D768B69385}"
EndProject
Project("{9A19103F-16F7-4668-BE54-9A1E7A4F7556}") = "UniversitarySystem.Entities", "UniversitarySystem.Entities\UniversitarySystem.Entities.csproj", "{9BC02CA0-6D21-4BC3-9FEF-7C5B1C04F3F3}"
EndProject
Project("{9A19103F-16F7-4668-BE54-9A1E7A4F7556}") = "UniversitarySystem.UsesCases", "UniversitarySystem.UsesCases\UniversitarySystem.UsesCases.csproj", "{812240A5-0A89-434F-9352-6B9F72BD6B4A}"
EndProject
Project("{9A19103F-16F7-4668-BE54-9A1E7A4F7556}") = "UniversitarySystemControllers", "UniversitarySystemControllers\UniversitarySystemControllers.csproj", "{5410B57C-214A-4387-A0DA-F520CEEE0C53}"
EndProject
Project("{9A19103F-16F7-4668-BE54-9A1E7A4F7556}") = "UniversitarySystemPresenters", "UniversitarySystemPresenters\UniversitarySystemPresenters.csproj", "{C268002C-A447-4C68-A633-8577267410C6}"
EndProject
Project("{9A19103F-16F7-4668-BE54-9A1E7A4F7556}") = "UniversitarySystemGateways", "UniversitarySystemGateways\UniversitarySystemGateways.csproj", "{5859B30D-ABCB-4B1B-86FF-7F326298CF55}"
EndProject
Project("{9A19103F-16F7-4668-BE54-9A1E7A4F7556}") = "UniversitarySystem.EFCore", "UniversitarySystem.EFCore\UniversitarySystem.EFCore.csproj", "{FCB1A19F-61B6-4854-A30E-1734A11A37F0}"
EndProject
Project("{2150E333-8FDC-42A3-9474-1A3956D46DE8}") = "DataContext", "DataContext", "{171A69FC-A480-4F21-BE62-B41244FDBE17}"
EndProject
Project("{2150E333-8FDC-42A3-9474-1A3956D46DE8}") = "Controllers", "Controllers", "{AD783FAD-B947-4762-B606-D73765BA1BBB}"
EndProject
Project("{2150E333-8FDC-42A3-9474-1A3956D46DE8}") = "Presenters", "Presenters", "{D973DE55-B6D9-4645-907F-374AFA058A19}"
EndProject
Project("{2150E333-8FDC-42A3-9474-1A3956D46DE8}") = "Gateways", "Gateways", "{8CCDA6B0-FC5C-4BE3-82FB-1254CF6D983A}"
EndProject
Project("{2150E333-8FDC-42A3-9474-1A3956D46DE8}") = "Views", "Views", "{40B32F67-A12C-4E99-855E-FD9D34786749}"
EndProject
Project("{9A19103F-16F7-4668-BE54-9A1E7A4F7556}") = "UniversitarySystem.Views", "UniversitarySystem.Views\UniversitarySystem.Views.csproj", "{A43B48A3-C48D-4AC1-ABB7-2C3C3F575339}"
EndProject
Project("{2150E333-8FDC-42A3-9474-1A3956D46DE8}") = "UserInterface", "UserInterface", "{09C52C6C-9551-49B4-BB02-BD8D3BE95AE7}"
EndProject
Project("{9A19103F-16F7-4668-BE54-9A1E7A4F7556}") = "UniversitarySystem.UI.WinForms", "UniversitarySystem.UI.WinForms\UniversitarySystem.UI.WinForms.csproj", "{7B650802-7F29-4CB8-94F9-AEFF81AAC8D5}"
EndProject
Project("{2150E333-8FDC-42A3-9474-1A3956D46DE8}") = "InversionOfControl", "InversionOfControl", "{D86D15A9-2683-4A6B-95E6-5DF1F88CC35D}"
EndProject
Project("{9A19103F-16F7-4668-BE54-9A1E7A4F7556}") = "UniversitarySystem.IoC", "UniversitarySystem.IoC\UniversitarySystem.IoC.csproj", "{654A11C2-6C95-4316-977A-826D3DBF9EC2}"
EndProject
Global
	GlobalSection(SolutionConfigurationPlatforms) = preSolution
		Debug|Any CPU = Debug|Any CPU
		Release|Any CPU = Release|Any CPU
	EndGlobalSection
	GlobalSection(ProjectConfigurationPlatforms) = postSolution
		{9BC02CA0-6D21-4BC3-9FEF-7C5B1C04F3F3}.Debug|Any CPU.ActiveCfg = Debug|Any CPU
		{9BC02CA0-6D21-4BC3-9FEF-7C5B1C04F3F3}.Debug|Any CPU.Build.0 = Debug|Any CPU
		{9BC02CA0-6D21-4BC3-9FEF-7C5B1C04F3F3}.Release|Any CPU.ActiveCfg = Release|Any CPU
		{9BC02CA0-6D21-4BC3-9FEF-7C5B1C04F3F3}.Release|Any CPU.Build.0 = Release|Any CPU
		{812240A5-0A89-434F-9352-6B9F72BD6B4A}.Debug|Any CPU.ActiveCfg = Debug|Any CPU
		{812240A5-0A89-434F-9352-6B9F72BD6B4A}.Debug|Any CPU.Build.0 = Debug|Any CPU
		{812240A5-0A89-434F-9352-6B9F72BD6B4A}.Release|Any CPU.ActiveCfg = Release|Any CPU
		{812240A5-0A89-434F-9352-6B9F72BD6B4A}.Release|Any CPU.Build.0 = Release|Any CPU
		{5410B57C-214A-4387-A0DA-F520CEEE0C53}.Debug|Any CPU.ActiveCfg = Debug|Any CPU
		{5410B57C-214A-4387-A0DA-F520CEEE0C53}.Debug|Any CPU.Build.0 = Debug|Any CPU
		{5410B57C-214A-4387-A0DA-F520CEEE0C53}.Release|Any CPU.ActiveCfg = Release|Any CPU
		{5410B57C-214A-4387-A0DA-F520CEEE0C53}.Release|Any CPU.Build.0 = Release|Any CPU
		{C268002C-A447-4C68-A633-8577267410C6}.Debug|Any CPU.ActiveCfg = Debug|Any CPU
		{C268002C-A447-4C68-A633-8577267410C6}.Debug|Any CPU.Build.0 = Debug|Any CPU
		{C268002C-A447-4C68-A633-8577267410C6}.Release|Any CPU.ActiveCfg = Release|Any CPU
		{C268002C-A447-4C68-A633-8577267410C6}.Release|Any CPU.Build.0 = Release|Any CPU
		{5859B30D-ABCB-4B1B-86FF-7F326298CF55}.Debug|Any CPU.ActiveCfg = Debug|Any CPU
		{5859B30D-ABCB-4B1B-86FF-7F326298CF55}.Debug|Any CPU.Build.0 = Debug|Any CPU
		{5859B30D-ABCB-4B1B-86FF-7F326298CF55}.Release|Any CPU.ActiveCfg = Release|Any CPU
		{5859B30D-ABCB-4B1B-86FF-7F326298CF55}.Release|Any CPU.Build.0 = Release|Any CPU
		{FCB1A19F-61B6-4854-A30E-1734A11A37F0}.Debug|Any CPU.ActiveCfg = Debug|Any CPU
		{FCB1A19F-61B6-4854-A30E-1734A11A37F0}.Debug|Any CPU.Build.0 = Debug|Any CPU
		{FCB1A19F-61B6-4854-A30E-1734A11A37F0}.Release|Any CPU.ActiveCfg = Release|Any CPU
		{FCB1A19F-61B6-4854-A30E-1734A11A37F0}.Release|Any CPU.Build.0 = Release|Any CPU
		{A43B48A3-C48D-4AC1-ABB7-2C3C3F575339}.Debug|Any CPU.ActiveCfg = Debug|Any CPU
		{A43B48A3-C48D-4AC1-ABB7-2C3C3F575339}.Debug|Any CPU.Build.0 = Debug|Any CPU
		{A43B48A3-C48D-4AC1-ABB7-2C3C3F575339}.Release|Any CPU.ActiveCfg = Release|Any CPU
		{A43B48A3-C48D-4AC1-ABB7-2C3C3F575339}.Release|Any CPU.Build.0 = Release|Any CPU
		{7B650802-7F29-4CB8-94F9-AEFF81AAC8D5}.Debug|Any CPU.ActiveCfg = Debug|Any CPU
		{7B650802-7F29-4CB8-94F9-AEFF81AAC8D5}.Debug|Any CPU.Build.0 = Debug|Any CPU
		{7B650802-7F29-4CB8-94F9-AEFF81AAC8D5}.Release|Any CPU.ActiveCfg = Release|Any CPU
		{7B650802-7F29-4CB8-94F9-AEFF81AAC8D5}.Release|Any CPU.Build.0 = Release|Any CPU
		{654A11C2-6C95-4316-977A-826D3DBF9EC2}.Debug|Any CPU.ActiveCfg = Debug|Any CPU
		{654A11C2-6C95-4316-977A-826D3DBF9EC2}.Debug|Any CPU.Build.0 = Debug|Any CPU
		{654A11C2-6C95-4316-977A-826D3DBF9EC2}.Release|Any CPU.ActiveCfg = Release|Any CPU
		{654A11C2-6C95-4316-977A-826D3DBF9EC2}.Release|Any CPU.Build.0 = Release|Any CPU
	EndGlobalSection
	GlobalSection(SolutionProperties) = preSolution
		HideSolutionNode = FALSE
	EndGlobalSection
	GlobalSection(NestedProjects) = preSolution
		{9BC02CA0-6D21-4BC3-9FEF-7C5B1C04F3F3} = {302396A2-24E8-4AA5-B276-509E480DBAE1}
		{812240A5-0A89-434F-9352-6B9F72BD6B4A} = {ADFE2AF0-88A1-4663-9162-060412AD299E}
		{5410B57C-214A-4387-A0DA-F520CEEE0C53} = {AD783FAD-B947-4762-B606-D73765BA1BBB}
		{C268002C-A447-4C68-A633-8577267410C6} = {D973DE55-B6D9-4645-907F-374AFA058A19}
		{5859B30D-ABCB-4B1B-86FF-7F326298CF55} = {8CCDA6B0-FC5C-4BE3-82FB-1254CF6D983A}
		{FCB1A19F-61B6-4854-A30E-1734A11A37F0} = {171A69FC-A480-4F21-BE62-B41244FDBE17}
		{171A69FC-A480-4F21-BE62-B41244FDBE17} = {F343EEAD-D6C8-45BD-87C4-99D768B69385}
		{AD783FAD-B947-4762-B606-D73765BA1BBB} = {4DF66A30-B97D-471A-93C2-D8038DA1598E}
		{D973DE55-B6D9-4645-907F-374AFA058A19} = {4DF66A30-B97D-471A-93C2-D8038DA1598E}
		{8CCDA6B0-FC5C-4BE3-82FB-1254CF6D983A} = {4DF66A30-B97D-471A-93C2-D8038DA1598E}
		{40B32F67-A12C-4E99-855E-FD9D34786749} = {4DF66A30-B97D-471A-93C2-D8038DA1598E}
		{A43B48A3-C48D-4AC1-ABB7-2C3C3F575339} = {40B32F67-A12C-4E99-855E-FD9D34786749}
		{09C52C6C-9551-49B4-BB02-BD8D3BE95AE7} = {F343EEAD-D6C8-45BD-87C4-99D768B69385}
		{7B650802-7F29-4CB8-94F9-AEFF81AAC8D5} = {09C52C6C-9551-49B4-BB02-BD8D3BE95AE7}
		{D86D15A9-2683-4A6B-95E6-5DF1F88CC35D} = {F343EEAD-D6C8-45BD-87C4-99D768B69385}
		{654A11C2-6C95-4316-977A-826D3DBF9EC2} = {D86D15A9-2683-4A6B-95E6-5DF1F88CC35D}
	EndGlobalSection
	GlobalSection(ExtensibilityGlobals) = postSolution
		SolutionGuid = {B1451CC9-EADF-43E8-A1A7-791087007BD2}
	EndGlobalSection
EndGlobal
